// !$*UTF8*$!
{
	archiveVersion = 1;
	classes = {
	};
	objectVersion = 46;
	objects = {

/* Begin PBXBuildFile section */
		4C038B941E9FFF870033FBF2 /* User.swift in Sources */ = {isa = PBXBuildFile; fileRef = 4C038B931E9FFF870033FBF2 /* User.swift */; };
		4C038B961E9FFFA70033FBF2 /* Tweet.swift in Sources */ = {isa = PBXBuildFile; fileRef = 4C038B951E9FFFA70033FBF2 /* Tweet.swift */; };
		4C038B981EA029FE0033FBF2 /* TwitterClient.swift in Sources */ = {isa = PBXBuildFile; fileRef = 4C038B971EA029FE0033FBF2 /* TwitterClient.swift */; };
		4C038B9A1EA052880033FBF2 /* TweetsViewController.swift in Sources */ = {isa = PBXBuildFile; fileRef = 4C038B991EA052880033FBF2 /* TweetsViewController.swift */; };
		4C7231351EA1D92000A4D2E1 /* Twitter_logo_blue_48.png in Resources */ = {isa = PBXBuildFile; fileRef = 4C7231341EA1D92000A4D2E1 /* Twitter_logo_blue_48.png */; };
		4C7231371EA1D94900A4D2E1 /* Twitter_logo_white_48.png in Resources */ = {isa = PBXBuildFile; fileRef = 4C7231361EA1D94900A4D2E1 /* Twitter_logo_white_48.png */; };
		4C7231391EA1D95B00A4D2E1 /* like-action.png in Resources */ = {isa = PBXBuildFile; fileRef = 4C7231381EA1D95B00A4D2E1 /* like-action.png */; };
		4C72313B1EA1D96E00A4D2E1 /* reply-action_0.png in Resources */ = {isa = PBXBuildFile; fileRef = 4C72313A1EA1D96E00A4D2E1 /* reply-action_0.png */; };
		4C72313D1EA1D97800A4D2E1 /* retweet-action.png in Resources */ = {isa = PBXBuildFile; fileRef = 4C72313C1EA1D97800A4D2E1 /* retweet-action.png */; };
		4C7231401EA1DCBC00A4D2E1 /* TweetsCell.swift in Sources */ = {isa = PBXBuildFile; fileRef = 4C72313F1EA1DCBC00A4D2E1 /* TweetsCell.swift */; };
		4CC0DEBE1E9F3A2900455DFE /* AppDelegate.swift in Sources */ = {isa = PBXBuildFile; fileRef = 4CC0DEBD1E9F3A2900455DFE /* AppDelegate.swift */; };
		4CC0DEC31E9F3A2900455DFE /* Main.storyboard in Resources */ = {isa = PBXBuildFile; fileRef = 4CC0DEC11E9F3A2900455DFE /* Main.storyboard */; };
		4CC0DEC51E9F3A2900455DFE /* Assets.xcassets in Resources */ = {isa = PBXBuildFile; fileRef = 4CC0DEC41E9F3A2900455DFE /* Assets.xcassets */; };
		4CC0DEC81E9F3A2900455DFE /* LaunchScreen.storyboard in Resources */ = {isa = PBXBuildFile; fileRef = 4CC0DEC61E9F3A2900455DFE /* LaunchScreen.storyboard */; };
		4CEFEB9D1E9F3C9B00D4D07C /* LogInViewController.swift in Sources */ = {isa = PBXBuildFile; fileRef = 4CEFEB9C1E9F3C9B00D4D07C /* LogInViewController.swift */; };
		4FE4DAC171B883B62308A35F /* Pods_CreymeTwitter.framework in Frameworks */ = {isa = PBXBuildFile; fileRef = F0F8742A7AB7C70F22A0C412 /* Pods_CreymeTwitter.framework */; };
/* End PBXBuildFile section */

/* Begin PBXFileReference section */
		4C038B931E9FFF870033FBF2 /* User.swift */ = {isa = PBXFileReference; fileEncoding = 4; lastKnownFileType = sourcecode.swift; path = User.swift; sourceTree = "<group>"; };
		4C038B951E9FFFA70033FBF2 /* Tweet.swift */ = {isa = PBXFileReference; fileEncoding = 4; lastKnownFileType = sourcecode.swift; path = Tweet.swift; sourceTree = "<group>"; };
		4C038B971EA029FE0033FBF2 /* TwitterClient.swift */ = {isa = PBXFileReference; fileEncoding = 4; lastKnownFileType = sourcecode.swift; path = TwitterClient.swift; sourceTree = "<group>"; };
		4C038B991EA052880033FBF2 /* TweetsViewController.swift */ = {isa = PBXFileReference; fileEncoding = 4; lastKnownFileType = sourcecode.swift; path = TweetsViewController.swift; sourceTree = "<group>"; };
		4C7231341EA1D92000A4D2E1 /* Twitter_logo_blue_48.png */ = {isa = PBXFileReference; lastKnownFileType = image.png; path = Twitter_logo_blue_48.png; sourceTree = "<group>"; };
		4C7231361EA1D94900A4D2E1 /* Twitter_logo_white_48.png */ = {isa = PBXFileReference; lastKnownFileType = image.png; path = Twitter_logo_white_48.png; sourceTree = "<group>"; };
		4C7231381EA1D95B00A4D2E1 /* like-action.png */ = {isa = PBXFileReference; lastKnownFileType = image.png; path = "like-action.png"; sourceTree = "<group>"; };
		4C72313A1EA1D96E00A4D2E1 /* reply-action_0.png */ = {isa = PBXFileReference; lastKnownFileType = image.png; path = "reply-action_0.png"; sourceTree = "<group>"; };
		4C72313C1EA1D97800A4D2E1 /* retweet-action.png */ = {isa = PBXFileReference; lastKnownFileType = image.png; path = "retweet-action.png"; sourceTree = "<group>"; };
		4C72313F1EA1DCBC00A4D2E1 /* TweetsCell.swift */ = {isa = PBXFileReference; fileEncoding = 4; lastKnownFileType = sourcecode.swift; path = TweetsCell.swift; sourceTree = "<group>"; };
		4CC0DEBA1E9F3A2900455DFE /* CreymeTwitter.app */ = {isa = PBXFileReference; explicitFileType = wrapper.application; includeInIndex = 0; path = CreymeTwitter.app; sourceTree = BUILT_PRODUCTS_DIR; };
		4CC0DEBD1E9F3A2900455DFE /* AppDelegate.swift */ = {isa = PBXFileReference; lastKnownFileType = sourcecode.swift; path = AppDelegate.swift; sourceTree = "<group>"; };
		4CC0DEC21E9F3A2900455DFE /* Base */ = {isa = PBXFileReference; lastKnownFileType = file.storyboard; name = Base; path = Base.lproj/Main.storyboard; sourceTree = "<group>"; };
		4CC0DEC41E9F3A2900455DFE /* Assets.xcassets */ = {isa = PBXFileReference; lastKnownFileType = folder.assetcatalog; path = Assets.xcassets; sourceTree = "<group>"; };
		4CC0DEC71E9F3A2900455DFE /* Base */ = {isa = PBXFileReference; lastKnownFileType = file.storyboard; name = Base; path = Base.lproj/LaunchScreen.storyboard; sourceTree = "<group>"; };
		4CC0DEC91E9F3A2900455DFE /* Info.plist */ = {isa = PBXFileReference; lastKnownFileType = text.plist.xml; path = Info.plist; sourceTree = "<group>"; };
		4CEFEB9C1E9F3C9B00D4D07C /* LogInViewController.swift */ = {isa = PBXFileReference; fileEncoding = 4; lastKnownFileType = sourcecode.swift; path = LogInViewController.swift; sourceTree = "<group>"; };
		A210D691D0DDCFF7C5A8C557 /* Pods-CreymeTwitter.release.xcconfig */ = {isa = PBXFileReference; includeInIndex = 1; lastKnownFileType = text.xcconfig; name = "Pods-CreymeTwitter.release.xcconfig"; path = "Pods/Target Support Files/Pods-CreymeTwitter/Pods-CreymeTwitter.release.xcconfig"; sourceTree = "<group>"; };
		E5457B9E206532F9B590067D /* Pods-CreymeTwitter.debug.xcconfig */ = {isa = PBXFileReference; includeInIndex = 1; lastKnownFileType = text.xcconfig; name = "Pods-CreymeTwitter.debug.xcconfig"; path = "Pods/Target Support Files/Pods-CreymeTwitter/Pods-CreymeTwitter.debug.xcconfig"; sourceTree = "<group>"; };
		F0F8742A7AB7C70F22A0C412 /* Pods_CreymeTwitter.framework */ = {isa = PBXFileReference; explicitFileType = wrapper.framework; includeInIndex = 0; path = Pods_CreymeTwitter.framework; sourceTree = BUILT_PRODUCTS_DIR; };
/* End PBXFileReference section */

/* Begin PBXFrameworksBuildPhase section */
		4CC0DEB71E9F3A2900455DFE /* Frameworks */ = {
			isa = PBXFrameworksBuildPhase;
			buildActionMask = 2147483647;
			files = (
				4FE4DAC171B883B62308A35F /* Pods_CreymeTwitter.framework in Frameworks */,
			);
			runOnlyForDeploymentPostprocessing = 0;
		};
/* End PBXFrameworksBuildPhase section */

/* Begin PBXGroup section */
		3662F681D48AC82DE3AC6EEE /* Pods */ = {
			isa = PBXGroup;
			children = (
				E5457B9E206532F9B590067D /* Pods-CreymeTwitter.debug.xcconfig */,
				A210D691D0DDCFF7C5A8C557 /* Pods-CreymeTwitter.release.xcconfig */,
			);
			name = Pods;
			sourceTree = "<group>";
		};
		4C038B911E9FFF410033FBF2 /* API */ = {
			isa = PBXGroup;
			children = (
				4C038B971EA029FE0033FBF2 /* TwitterClient.swift */,
			);
			name = API;
			sourceTree = "<group>";
		};
		4C038B921E9FFF490033FBF2 /* MODELS */ = {
			isa = PBXGroup;
			children = (
				4C038B931E9FFF870033FBF2 /* User.swift */,
				4C038B951E9FFFA70033FBF2 /* Tweet.swift */,
			);
			name = MODELS;
			sourceTree = "<group>";
		};
		4C7231331EA1D90200A4D2E1 /* IMAGES */ = {
			isa = PBXGroup;
			children = (
				4C72313C1EA1D97800A4D2E1 /* retweet-action.png */,
				4C7231381EA1D95B00A4D2E1 /* like-action.png */,
				4C72313A1EA1D96E00A4D2E1 /* reply-action_0.png */,
				4C7231361EA1D94900A4D2E1 /* Twitter_logo_white_48.png */,
				4C7231341EA1D92000A4D2E1 /* Twitter_logo_blue_48.png */,
			);
			name = IMAGES;
			sourceTree = "<group>";
		};
		4C72313E1EA1DC9700A4D2E1 /* CELLS */ = {
			isa = PBXGroup;
			children = (
				4C72313F1EA1DCBC00A4D2E1 /* TweetsCell.swift */,
			);
			name = CELLS;
			sourceTree = "<group>";
		};
		4CC0DEB11E9F3A2900455DFE = {
			isa = PBXGroup;
			children = (
				4CC0DEBC1E9F3A2900455DFE /* CreymeTwitter */,
				4CC0DEBB1E9F3A2900455DFE /* Products */,
				3662F681D48AC82DE3AC6EEE /* Pods */,
				FFC6C6798D818F388B23357B /* Frameworks */,
			);
			sourceTree = "<group>";
		};
		4CC0DEBB1E9F3A2900455DFE /* Products */ = {
			isa = PBXGroup;
			children = (
				4CC0DEBA1E9F3A2900455DFE /* CreymeTwitter.app */,
			);
			name = Products;
			sourceTree = "<group>";
		};
		4CC0DEBC1E9F3A2900455DFE /* CreymeTwitter */ = {
			isa = PBXGroup;
			children = (
				4C7231331EA1D90200A4D2E1 /* IMAGES */,
				4C038B921E9FFF490033FBF2 /* MODELS */,
				4C038B911E9FFF410033FBF2 /* API */,
				4CEFEB9E1E9F3CAE00D4D07C /* VIEWCONTROLLERS */,
				4CC0DEC11E9F3A2900455DFE /* Main.storyboard */,
				4CC0DEC41E9F3A2900455DFE /* Assets.xcassets */,
				4CC0DEC61E9F3A2900455DFE /* LaunchScreen.storyboard */,
				4CC0DEC91E9F3A2900455DFE /* Info.plist */,
			);
			path = CreymeTwitter;
			sourceTree = "<group>";
		};
		4CEFEB9E1E9F3CAE00D4D07C /* VIEWCONTROLLERS */ = {
			isa = PBXGroup;
			children = (
				4C72313E1EA1DC9700A4D2E1 /* CELLS */,
				4CC0DEBD1E9F3A2900455DFE /* AppDelegate.swift */,
				4CEFEB9C1E9F3C9B00D4D07C /* LogInViewController.swift */,
				4C038B991EA052880033FBF2 /* TweetsViewController.swift */,
			);
			name = VIEWCONTROLLERS;
			sourceTree = "<group>";
		};
		FFC6C6798D818F388B23357B /* Frameworks */ = {
			isa = PBXGroup;
			children = (
				F0F8742A7AB7C70F22A0C412 /* Pods_CreymeTwitter.framework */,
			);
			name = Frameworks;
			sourceTree = "<group>";
		};
/* End PBXGroup section */

/* Begin PBXNativeTarget section */
		4CC0DEB91E9F3A2900455DFE /* CreymeTwitter */ = {
			isa = PBXNativeTarget;
			buildConfigurationList = 4CC0DECC1E9F3A2900455DFE /* Build configuration list for PBXNativeTarget "CreymeTwitter" */;
			buildPhases = (
				B885A7A65E07CEE8E7DF9141 /* [CP] Check Pods Manifest.lock */,
				4CC0DEB61E9F3A2900455DFE /* Sources */,
				4CC0DEB71E9F3A2900455DFE /* Frameworks */,
				4CC0DEB81E9F3A2900455DFE /* Resources */,
				F052187C1171A2CF2D48413E /* [CP] Embed Pods Frameworks */,
				24E94800DA7F6E687B2A8349 /* [CP] Copy Pods Resources */,
			);
			buildRules = (
			);
			dependencies = (
			);
			name = CreymeTwitter;
			productName = CreymeTwitter;
			productReference = 4CC0DEBA1E9F3A2900455DFE /* CreymeTwitter.app */;
			productType = "com.apple.product-type.application";
		};
/* End PBXNativeTarget section */

/* Begin PBXProject section */
		4CC0DEB21E9F3A2900455DFE /* Project object */ = {
			isa = PBXProject;
			attributes = {
				LastSwiftUpdateCheck = 0830;
				LastUpgradeCheck = 0830;
				ORGANIZATIONNAME = creyme;
				TargetAttributes = {
					4CC0DEB91E9F3A2900455DFE = {
						CreatedOnToolsVersion = 8.3.1;
						DevelopmentTeam = NARHJ4JYLS;
						ProvisioningStyle = Automatic;
					};
				};
			};
			buildConfigurationList = 4CC0DEB51E9F3A2900455DFE /* Build configuration list for PBXProject "CreymeTwitter" */;
			compatibilityVersion = "Xcode 3.2";
			developmentRegion = English;
			hasScannedForEncodings = 0;
			knownRegions = (
				en,
				Base,
			);
			mainGroup = 4CC0DEB11E9F3A2900455DFE;
			productRefGroup = 4CC0DEBB1E9F3A2900455DFE /* Products */;
			projectDirPath = "";
			projectRoot = "";
			targets = (
				4CC0DEB91E9F3A2900455DFE /* CreymeTwitter */,
			);
		};
/* End PBXProject section */

/* Begin PBXResourcesBuildPhase section */
		4CC0DEB81E9F3A2900455DFE /* Resources */ = {
			isa = PBXResourcesBuildPhase;
			buildActionMask = 2147483647;
			files = (
				4C72313D1EA1D97800A4D2E1 /* retweet-action.png in Resources */,
				4C7231351EA1D92000A4D2E1 /* Twitter_logo_blue_48.png in Resources */,
				4C7231371EA1D94900A4D2E1 /* Twitter_logo_white_48.png in Resources */,
				4CC0DEC81E9F3A2900455DFE /* LaunchScreen.storyboard in Resources */,
				4CC0DEC51E9F3A2900455DFE /* Assets.xcassets in Resources */,
				4C72313B1EA1D96E00A4D2E1 /* reply-action_0.png in Resources */,
				4C7231391EA1D95B00A4D2E1 /* like-action.png in Resources */,
				4CC0DEC31E9F3A2900455DFE /* Main.storyboard in Resources */,
			);
			runOnlyForDeploymentPostprocessing = 0;
		};
/* End PBXResourcesBuildPhase section */

/* Begin PBXShellScriptBuildPhase section */
		24E94800DA7F6E687B2A8349 /* [CP] Copy Pods Resources */ = {
			isa = PBXShellScriptBuildPhase;
			buildActionMask = 2147483647;
			files = (
			);
			inputPaths = (
			);
			name = "[CP] Copy Pods Resources";
			outputPaths = (
			);
			runOnlyForDeploymentPostprocessing = 0;
			shellPath = /bin/sh;
			shellScript = "\"${SRCROOT}/Pods/Target Support Files/Pods-CreymeTwitter/Pods-CreymeTwitter-resources.sh\"\n";
			showEnvVarsInLog = 0;
		};
		B885A7A65E07CEE8E7DF9141 /* [CP] Check Pods Manifest.lock */ = {
			isa = PBXShellScriptBuildPhase;
			buildActionMask = 2147483647;
			files = (
			);
			inputPaths = (
			);
			name = "[CP] Check Pods Manifest.lock";
			outputPaths = (
			);
			runOnlyForDeploymentPostprocessing = 0;
			shellPath = /bin/sh;
			shellScript = "diff \"${PODS_ROOT}/../Podfile.lock\" \"${PODS_ROOT}/Manifest.lock\" > /dev/null\nif [ $? != 0 ] ; then\n    # print error to STDERR\n    echo \"error: The sandbox is not in sync with the Podfile.lock. Run 'pod install' or update your CocoaPods installation.\" >&2\n    exit 1\nfi\n";
			showEnvVarsInLog = 0;
		};
		F052187C1171A2CF2D48413E /* [CP] Embed Pods Frameworks */ = {
			isa = PBXShellScriptBuildPhase;
			buildActionMask = 2147483647;
			files = (
			);
			inputPaths = (
			);
			name = "[CP] Embed Pods Frameworks";
			outputPaths = (
			);
			runOnlyForDeploymentPostprocessing = 0;
			shellPath = /bin/sh;
			shellScript = "\"${SRCROOT}/Pods/Target Support Files/Pods-CreymeTwitter/Pods-CreymeTwitter-frameworks.sh\"\n";
			showEnvVarsInLog = 0;
		};
/* End PBXShellScriptBuildPhase section */

/* Begin PBXSourcesBuildPhase section */
		4CC0DEB61E9F3A2900455DFE /* Sources */ = {
			isa = PBXSourcesBuildPhase;
			buildActionMask = 2147483647;
			files = (
				4C038B941E9FFF870033FBF2 /* User.swift in Sources */,
				4C7231401EA1DCBC00A4D2E1 /* TweetsCell.swift in Sources */,
				4C038B961E9FFFA70033FBF2 /* Tweet.swift in Sources */,
				4CC0DEBE1E9F3A2900455DFE /* AppDelegate.swift in Sources */,
				4C038B9A1EA052880033FBF2 /* TweetsViewController.swift in Sources */,
				4C038B981EA029FE0033FBF2 /* TwitterClient.swift in Sources */,
				4CEFEB9D1E9F3C9B00D4D07C /* LogInViewController.swift in Sources */,
			);
			runOnlyForDeploymentPostprocessing = 0;
		};
/* End PBXSourcesBuildPhase section */

/* Begin PBXVariantGroup section */
		4CC0DEC11E9F3A2900455DFE /* Main.storyboard */ = {
			isa = PBXVariantGroup;
			children = (
				4CC0DEC21E9F3A2900455DFE /* Base */,
			);
			name = Main.storyboard;
			sourceTree = "<group>";
		};
		4CC0DEC61E9F3A2900455DFE /* LaunchScreen.storyboard */ = {
			isa = PBXVariantGroup;
			children = (
				4CC0DEC71E9F3A2900455DFE /* Base */,
			);
			name = LaunchScreen.storyboard;
			sourceTree = "<group>";
		};
/* End PBXVariantGroup section */

/* Begin XCBuildConfiguration section */
		4CC0DECA1E9F3A2900455DFE /* Debug */ = {
			isa = XCBuildConfiguration;
			buildSettings = {
				ALWAYS_SEARCH_USER_PATHS = NO;
				CLANG_ANALYZER_NONNULL = YES;
				CLANG_ANALYZER_NUMBER_OBJECT_CONVERSION = YES_AGGRESSIVE;
				CLANG_CXX_LANGUAGE_STANDARD = "gnu++0x";
				CLANG_CXX_LIBRARY = "libc++";
				CLANG_ENABLE_MODULES = YES;
				CLANG_ENABLE_OBJC_ARC = YES;
				CLANG_WARN_BOOL_CONVERSION = YES;
				CLANG_WARN_CONSTANT_CONVERSION = YES;
				CLANG_WARN_DIRECT_OBJC_ISA_USAGE = YES_ERROR;
				CLANG_WARN_DOCUMENTATION_COMMENTS = YES;
				CLANG_WARN_EMPTY_BODY = YES;
				CLANG_WARN_ENUM_CONVERSION = YES;
				CLANG_WARN_INFINITE_RECURSION = YES;
				CLANG_WARN_INT_CONVERSION = YES;
				CLANG_WARN_OBJC_ROOT_CLASS = YES_ERROR;
				CLANG_WARN_SUSPICIOUS_MOVE = YES;
				CLANG_WARN_UNREACHABLE_CODE = YES;
				CLANG_WARN__DUPLICATE_METHOD_MATCH = YES;
				"CODE_SIGN_IDENTITY[sdk=iphoneos*]" = "iPhone Developer";
				COPY_PHASE_STRIP = NO;
				DEBUG_INFORMATION_FORMAT = dwarf;
				ENABLE_STRICT_OBJC_MSGSEND = YES;
				ENABLE_TESTABILITY = YES;
				GCC_C_LANGUAGE_STANDARD = gnu99;
				GCC_DYNAMIC_NO_PIC = NO;
				GCC_NO_COMMON_BLOCKS = YES;
				GCC_OPTIMIZATION_LEVEL = 0;
				GCC_PREPROCESSOR_DEFINITIONS = (
					"DEBUG=1",
					"$(inherited)",
				);
				GCC_WARN_64_TO_32_BIT_CONVERSION = YES;
				GCC_WARN_ABOUT_RETURN_TYPE = YES_ERROR;
				GCC_WARN_UNDECLARED_SELECTOR = YES;
				GCC_WARN_UNINITIALIZED_AUTOS = YES_AGGRESSIVE;
				GCC_WARN_UNUSED_FUNCTION = YES;
				GCC_WARN_UNUSED_VARIABLE = YES;
				IPHONEOS_DEPLOYMENT_TARGET = 10.3;
				MTL_ENABLE_DEBUG_INFO = YES;
				ONLY_ACTIVE_ARCH = YES;
				SDKROOT = iphoneos;
				SWIFT_ACTIVE_COMPILATION_CONDITIONS = DEBUG;
				SWIFT_OPTIMIZATION_LEVEL = "-Onone";
			};
			name = Debug;
		};
		4CC0DECB1E9F3A2900455DFE /* Release */ = {
			isa = XCBuildConfiguration;
			buildSettings = {
				ALWAYS_SEARCH_USER_PATHS = NO;
				CLANG_ANALYZER_NONNULL = YES;
				CLANG_ANALYZER_NUMBER_OBJECT_CONVERSION = YES_AGGRESSIVE;
				CLANG_CXX_LANGUAGE_STANDARD = "gnu++0x";
				CLANG_CXX_LIBRARY = "libc++";
				CLANG_ENABLE_MODULES = YES;
				CLANG_ENABLE_OBJC_ARC = YES;
				CLANG_WARN_BOOL_CONVERSION = YES;
				CLANG_WARN_CONSTANT_CONVERSION = YES;
				CLANG_WARN_DIRECT_OBJC_ISA_USAGE = YES_ERROR;
				CLANG_WARN_DOCUMENTATION_COMMENTS = YES;
				CLANG_WARN_EMPTY_BODY = YES;
				CLANG_WARN_ENUM_CONVERSION = YES;
				CLANG_WARN_INFINITE_RECURSION = YES;
				CLANG_WARN_INT_CONVERSION = YES;
				CLANG_WARN_OBJC_ROOT_CLASS = YES_ERROR;
				CLANG_WARN_SUSPICIOUS_MOVE = YES;
				CLANG_WARN_UNREACHABLE_CODE = YES;
				CLANG_WARN__DUPLICATE_METHOD_MATCH = YES;
				"CODE_SIGN_IDENTITY[sdk=iphoneos*]" = "iPhone Developer";
				COPY_PHASE_STRIP = NO;
				DEBUG_INFORMATION_FORMAT = "dwarf-with-dsym";
				ENABLE_NS_ASSERTIONS = NO;
				ENABLE_STRICT_OBJC_MSGSEND = YES;
				GCC_C_LANGUAGE_STANDARD = gnu99;
				GCC_NO_COMMON_BLOCKS = YES;
				GCC_WARN_64_TO_32_BIT_CONVERSION = YES;
				GCC_WARN_ABOUT_RETURN_TYPE = YES_ERROR;
				GCC_WARN_UNDECLARED_SELECTOR = YES;
				GCC_WARN_UNINITIALIZED_AUTOS = YES_AGGRESSIVE;
				GCC_WARN_UNUSED_FUNCTION = YES;
				GCC_WARN_UNUSED_VARIABLE = YES;
				IPHONEOS_DEPLOYMENT_TARGET = 10.3;
				MTL_ENABLE_DEBUG_INFO = NO;
				SDKROOT = iphoneos;
				SWIFT_OPTIMIZATION_LEVEL = "-Owholemodule";
				VALIDATE_PRODUCT = YES;
			};
			name = Release;
		};
		4CC0DECD1E9F3A2900455DFE /* Debug */ = {
			isa = XCBuildConfiguration;
			baseConfigurationReference = E5457B9E206532F9B590067D /* Pods-CreymeTwitter.debug.xcconfig */;
			buildSettings = {
				ASSETCATALOG_COMPILER_APPICON_NAME = AppIcon;
				DEVELOPMENT_TEAM = NARHJ4JYLS;
				INFOPLIST_FILE = CreymeTwitter/Info.plist;
				LD_RUNPATH_SEARCH_PATHS = "$(inherited) @executable_path/Frameworks";
				PRODUCT_BUNDLE_IDENTIFIER = com.creyme.CreymeTwitter;
				PRODUCT_NAME = "$(TARGET_NAME)";
				SWIFT_VERSION = 3.0;
			};
			name = Debug;
		};
		4CC0DECE1E9F3A2900455DFE /* Release */ = {
			isa = XCBuildConfiguration;
			baseConfigurationReference = A210D691D0DDCFF7C5A8C557 /* Pods-CreymeTwitter.release.xcconfig */;
			buildSettings = {
				ASSETCATALOG_COMPILER_APPICON_NAME = AppIcon;
				DEVELOPMENT_TEAM = NARHJ4JYLS;
				INFOPLIST_FILE = CreymeTwitter/Info.plist;
				LD_RUNPATH_SEARCH_PATHS = "$(inherited) @executable_path/Frameworks";
				PRODUCT_BUNDLE_IDENTIFIER = com.creyme.CreymeTwitter;
				PRODUCT_NAME = "$(TARGET_NAME)";
				SWIFT_VERSION = 3.0;
			};
			name = Release;
		};
/* End XCBuildConfiguration section */

/* Begin XCConfigurationList section */
		4CC0DEB51E9F3A2900455DFE /* Build configuration list for PBXProject "CreymeTwitter" */ = {
			isa = XCConfigurationList;
			buildConfigurations = (
				4CC0DECA1E9F3A2900455DFE /* Debug */,
				4CC0DECB1E9F3A2900455DFE /* Release */,
			);
			defaultConfigurationIsVisible = 0;
			defaultConfigurationName = Release;
		};
		4CC0DECC1E9F3A2900455DFE /* Build configuration list for PBXNativeTarget "CreymeTwitter" */ = {
			isa = XCConfigurationList;
			buildConfigurations = (
				4CC0DECD1E9F3A2900455DFE /* Debug */,
				4CC0DECE1E9F3A2900455DFE /* Release */,
			);
			defaultConfigurationIsVisible = 0;
			defaultConfigurationName = Release;
		};
/* End XCConfigurationList section */
	};
	rootObject = 4CC0DEB21E9F3A2900455DFE /* Project object */;
}
